// !$*UTF8*$!
{
	archiveVersion = 1;
	classes = {
	};
	objectVersion = 50;
	objects = {

/* Begin PBXBuildFile section */
		00FE558420CFB6770085345D /* AppDelegate.swift in Sources */ = {isa = PBXBuildFile; fileRef = 00FE558320CFB6770085345D /* AppDelegate.swift */; };
		00FE558620CFB6770085345D /* ViewController.swift in Sources */ = {isa = PBXBuildFile; fileRef = 00FE558520CFB6770085345D /* ViewController.swift */; };
		00FE558920CFB6770085345D /* Main.storyboard in Resources */ = {isa = PBXBuildFile; fileRef = 00FE558720CFB6770085345D /* Main.storyboard */; };
		00FE558B20CFB6780085345D /* Assets.xcassets in Resources */ = {isa = PBXBuildFile; fileRef = 00FE558A20CFB6780085345D /* Assets.xcassets */; };
		00FE558E20CFB6780085345D /* LaunchScreen.storyboard in Resources */ = {isa = PBXBuildFile; fileRef = 00FE558C20CFB6780085345D /* LaunchScreen.storyboard */; };
		00FE559720CFB6A90085345D /* ScaleSlider.swift in Sources */ = {isa = PBXBuildFile; fileRef = 00FE559620CFB6A90085345D /* ScaleSlider.swift */; };
/* End PBXBuildFile section */

/* Begin PBXFileReference section */
		00FE558020CFB6770085345D /* ScaleSlider.app */ = {isa = PBXFileReference; explicitFileType = wrapper.application; includeInIndex = 0; path = ScaleSlider.app; sourceTree = BUILT_PRODUCTS_DIR; };
		00FE558320CFB6770085345D /* AppDelegate.swift */ = {isa = PBXFileReference; lastKnownFileType = sourcecode.swift; path = AppDelegate.swift; sourceTree = "<group>"; };
		00FE558520CFB6770085345D /* ViewController.swift */ = {isa = PBXFileReference; lastKnownFileType = sourcecode.swift; path = ViewController.swift; sourceTree = "<group>"; };
		00FE558820CFB6770085345D /* Base */ = {isa = PBXFileReference; lastKnownFileType = file.storyboard; name = Base; path = Base.lproj/Main.storyboard; sourceTree = "<group>"; };
		00FE558A20CFB6780085345D /* Assets.xcassets */ = {isa = PBXFileReference; lastKnownFileType = folder.assetcatalog; path = Assets.xcassets; sourceTree = "<group>"; };
		00FE558D20CFB6780085345D /* Base */ = {isa = PBXFileReference; lastKnownFileType = file.storyboard; name = Base; path = Base.lproj/LaunchScreen.storyboard; sourceTree = "<group>"; };
		00FE558F20CFB6780085345D /* Info.plist */ = {isa = PBXFileReference; lastKnownFileType = text.plist.xml; path = Info.plist; sourceTree = "<group>"; };
		00FE559620CFB6A90085345D /* ScaleSlider.swift */ = {isa = PBXFileReference; lastKnownFileType = sourcecode.swift; path = ScaleSlider.swift; sourceTree = "<group>"; };
/* End PBXFileReference section */

/* Begin PBXFrameworksBuildPhase section */
		00FE557D20CFB6770085345D /* Frameworks */ = {
			isa = PBXFrameworksBuildPhase;
			buildActionMask = 2147483647;
			files = (
			);
			runOnlyForDeploymentPostprocessing = 0;
		};
/* End PBXFrameworksBuildPhase section */

/* Begin PBXGroup section */
		00FE557720CFB6770085345D = {
			isa = PBXGroup;
			children = (
				00FE558220CFB6770085345D /* ScaleSlider */,
				00FE558120CFB6770085345D /* Products */,
			);
			sourceTree = "<group>";
		};
		00FE558120CFB6770085345D /* Products */ = {
			isa = PBXGroup;
			children = (
				00FE558020CFB6770085345D /* ScaleSlider.app */,
			);
			name = Products;
			sourceTree = "<group>";
		};
		00FE558220CFB6770085345D /* ScaleSlider */ = {
			isa = PBXGroup;
			children = (
				00FE559520CFB6860085345D /* Slider */,
				00FE558320CFB6770085345D /* AppDelegate.swift */,
				00FE558520CFB6770085345D /* ViewController.swift */,
				00FE558720CFB6770085345D /* Main.storyboard */,
				00FE558C20CFB6780085345D /* LaunchScreen.storyboard */,
				00FE558F20CFB6780085345D /* Info.plist */,
			);
			path = ScaleSlider;
			sourceTree = "<group>";
		};
		00FE559520CFB6860085345D /* Slider */ = {
			isa = PBXGroup;
			children = (
				00FE559620CFB6A90085345D /* ScaleSlider.swift */,
				00FE558A20CFB6780085345D /* Assets.xcassets */,
			);
			path = Slider;
			sourceTree = "<group>";
		};
/* End PBXGroup section */

/* Begin PBXNativeTarget section */
		00FE557F20CFB6770085345D /* ScaleSlider */ = {
			isa = PBXNativeTarget;
			buildConfigurationList = 00FE559220CFB6780085345D /* Build configuration list for PBXNativeTarget "ScaleSlider" */;
			buildPhases = (
				00FE557C20CFB6770085345D /* Sources */,
				00FE557D20CFB6770085345D /* Frameworks */,
				00FE557E20CFB6770085345D /* Resources */,
			);
			buildRules = (
			);
			dependencies = (
			);
			name = ScaleSlider;
			productName = ScaleSlider;
			productReference = 00FE558020CFB6770085345D /* ScaleSlider.app */;
			productType = "com.apple.product-type.application";
		};
/* End PBXNativeTarget section */

/* Begin PBXProject section */
		00FE557820CFB6770085345D /* Project object */ = {
			isa = PBXProject;
			attributes = {
				LastSwiftUpdateCheck = 0930;
				LastUpgradeCheck = 0930;
				ORGANIZATIONNAME = "储诚鹏";
				TargetAttributes = {
					00FE557F20CFB6770085345D = {
						CreatedOnToolsVersion = 9.3;
					};
				};
			};
			buildConfigurationList = 00FE557B20CFB6770085345D /* Build configuration list for PBXProject "ScaleSlider" */;
			compatibilityVersion = "Xcode 9.3";
			developmentRegion = en;
			hasScannedForEncodings = 0;
			knownRegions = (
				en,
				Base,
			);
			mainGroup = 00FE557720CFB6770085345D;
			productRefGroup = 00FE558120CFB6770085345D /* Products */;
			projectDirPath = "";
			projectRoot = "";
			targets = (
				00FE557F20CFB6770085345D /* ScaleSlider */,
			);
		};
/* End PBXProject section */

/* Begin PBXResourcesBuildPhase section */
		00FE557E20CFB6770085345D /* Resources */ = {
			isa = PBXResourcesBuildPhase;
			buildActionMask = 2147483647;
			files = (
				00FE558E20CFB6780085345D /* LaunchScreen.storyboard in Resources */,
				00FE558B20CFB6780085345D /* Assets.xcassets in Resources */,
				00FE558920CFB6770085345D /* Main.storyboard in Resources */,
			);
			runOnlyForDeploymentPostprocessing = 0;
		};
/* End PBXResourcesBuildPhase section */

/* Begin PBXSourcesBuildPhase section */
		00FE557C20CFB6770085345D /* Sources */ = {
			isa = PBXSourcesBuildPhase;
			buildActionMask = 2147483647;
			files = (
				00FE558620CFB6770085345D /* ViewController.swift in Sources */,
				00FE559720CFB6A90085345D /* ScaleSlider.swift in Sources */,
				00FE558420CFB6770085345D /* AppDelegate.swift in Sources */,
			);
			runOnlyForDeploymentPostprocessing = 0;
		};
/* End PBXSourcesBuildPhase section */

/* Begin PBXVariantGroup section */
		00FE558720CFB6770085345D /* Main.storyboard */ = {
			isa = PBXVariantGroup;
			children = (
				00FE558820CFB6770085345D /* Base */,
			);
			name = Main.storyboard;
			sourceTree = "<group>";
		};
		00FE558C20CFB6780085345D /* LaunchScreen.storyboard */ = {
			isa = PBXVariantGroup;
			children = (
				00FE558D20CFB6780085345D /* Base */,
			);
			name = LaunchScreen.storyboard;
			sourceTree = "<group>";
		};
/* End PBXVariantGroup section */

/* Begin XCBuildConfiguration section */
		00FE559020CFB6780085345D /* Debug */ = {
			isa = XCBuildConfiguration;
			buildSettings = {
				ALWAYS_SEARCH_USER_PATHS = NO;
				CLANG_ANALYZER_NONNULL = YES;
				CLANG_ANALYZER_NUMBER_OBJECT_CONVERSION = YES_AGGRESSIVE;
				CLANG_CXX_LANGUAGE_STANDARD = "gnu++14";
				CLANG_CXX_LIBRARY = "libc++";
				CLANG_ENABLE_MODULES = YES;
				CLANG_ENABLE_OBJC_ARC = YES;
				CLANG_ENABLE_OBJC_WEAK = YES;
				CLANG_WARN_BLOCK_CAPTURE_AUTORELEASING = YES;
				CLANG_WARN_BOOL_CONVERSION = YES;
				CLANG_WARN_COMMA = YES;
				CLANG_WARN_CONSTANT_CONVERSION = YES;
				CLANG_WARN_DEPRECATED_OBJC_IMPLEMENTATIONS = YES;
				CLANG_WARN_DIRECT_OBJC_ISA_USAGE = YES_ERROR;
				CLANG_WARN_DOCUMENTATION_COMMENTS = YES;
				CLANG_WARN_EMPTY_BODY = YES;
				CLANG_WARN_ENUM_CONVERSION = YES;
				CLANG_WARN_INFINITE_RECURSION = YES;
				CLANG_WARN_INT_CONVERSION = YES;
				CLANG_WARN_NON_LITERAL_NULL_CONVERSION = YES;
				CLANG_WARN_OBJC_IMPLICIT_RETAIN_SELF = YES;
				CLANG_WARN_OBJC_LITERAL_CONVERSION = YES;
				CLANG_WARN_OBJC_ROOT_CLASS = YES_ERROR;
				CLANG_WARN_RANGE_LOOP_ANALYSIS = YES;
				CLANG_WARN_STRICT_PROTOTYPES = YES;
				CLANG_WARN_SUSPICIOUS_MOVE = YES;
				CLANG_WARN_UNGUARDED_AVAILABILITY = YES_AGGRESSIVE;
				CLANG_WARN_UNREACHABLE_CODE = YES;
				CLANG_WARN__DUPLICATE_METHOD_MATCH = YES;
				CODE_SIGN_IDENTITY = "iPhone Developer";
				COPY_PHASE_STRIP = NO;
				DEBUG_INFORMATION_FORMAT = dwarf;
				ENABLE_STRICT_OBJC_MSGSEND = YES;
				ENABLE_TESTABILITY = YES;
				GCC_C_LANGUAGE_STANDARD = gnu11;
				GCC_DYNAMIC_NO_PIC = NO;
				GCC_NO_COMMON_BLOCKS = YES;
				GCC_OPTIMIZATION_LEVEL = 0;
				GCC_PREPROCESSOR_DEFINITIONS = (
					"DEBUG=1",
					"$(inherited)",
				);
				GCC_WARN_64_TO_32_BIT_CONVERSION = YES;
				GCC_WARN_ABOUT_RETURN_TYPE = YES_ERROR;
				GCC_WARN_UNDECLARED_SELECTOR = YES;
				GCC_WARN_UNINITIALIZED_AUTOS = YES_AGGRESSIVE;
				GCC_WARN_UNUSED_FUNCTION = YES;
				GCC_WARN_UNUSED_VARIABLE = YES;
				IPHONEOS_DEPLOYMENT_TARGET = 11.3;
				MTL_ENABLE_DEBUG_INFO = YES;
				ONLY_ACTIVE_ARCH = YES;
				SDKROOT = iphoneos;
				SWIFT_ACTIVE_COMPILATION_CONDITIONS = DEBUG;
				SWIFT_OPTIMIZATION_LEVEL = "-Onone";
			};
			name = Debug;
		};
		00FE559120CFB6780085345D /* Release */ = {
			isa = XCBuildConfiguration;
			buildSettings = {
				ALWAYS_SEARCH_USER_PATHS = NO;
				CLANG_ANALYZER_NONNULL = YES;
				CLANG_ANALYZER_NUMBER_OBJECT_CONVERSION = YES_AGGRESSIVE;
				CLANG_CXX_LANGUAGE_STANDARD = "gnu++14";
				CLANG_CXX_LIBRARY = "libc++";
				CLANG_ENABLE_MODULES = YES;
				CLANG_ENABLE_OBJC_ARC = YES;
				CLANG_ENABLE_OBJC_WEAK = YES;
				CLANG_WARN_BLOCK_CAPTURE_AUTORELEASING = YES;
				CLANG_WARN_BOOL_CONVERSION = YES;
				CLANG_WARN_COMMA = YES;
				CLANG_WARN_CONSTANT_CONVERSION = YES;
				CLANG_WARN_DEPRECATED_OBJC_IMPLEMENTATIONS = YES;
				CLANG_WARN_DIRECT_OBJC_ISA_USAGE = YES_ERROR;
				CLANG_WARN_DOCUMENTATION_COMMENTS = YES;
				CLANG_WARN_EMPTY_BODY = YES;
				CLANG_WARN_ENUM_CONVERSION = YES;
				CLANG_WARN_INFINITE_RECURSION = YES;
				CLANG_WARN_INT_CONVERSION = YES;
				CLANG_WARN_NON_LITERAL_NULL_CONVERSION = YES;
				CLANG_WARN_OBJC_IMPLICIT_RETAIN_SELF = YES;
				CLANG_WARN_OBJC_LITERAL_CONVERSION = YES;
				CLANG_WARN_OBJC_ROOT_CLASS = YES_ERROR;
				CLANG_WARN_RANGE_LOOP_ANALYSIS = YES;
				CLANG_WARN_STRICT_PROTOTYPES = YES;
				CLANG_WARN_SUSPICIOUS_MOVE = YES;
				CLANG_WARN_UNGUARDED_AVAILABILITY = YES_AGGRESSIVE;
				CLANG_WARN_UNREACHABLE_CODE = YES;
				CLANG_WARN__DUPLICATE_METHOD_MATCH = YES;
				CODE_SIGN_IDENTITY = "iPhone Developer";
				COPY_PHASE_STRIP = NO;
				DEBUG_INFORMATION_FORMAT = "dwarf-with-dsym";
				ENABLE_NS_ASSERTIONS = NO;
				ENABLE_STRICT_OBJC_MSGSEND = YES;
				GCC_C_LANGUAGE_STANDARD = gnu11;
				GCC_NO_COMMON_BLOCKS = YES;
				GCC_WARN_64_TO_32_BIT_CONVERSION = YES;
				GCC_WARN_ABOUT_RETURN_TYPE = YES_ERROR;
				GCC_WARN_UNDECLARED_SELECTOR = YES;
				GCC_WARN_UNINITIALIZED_AUTOS = YES_AGGRESSIVE;
				GCC_WARN_UNUSED_FUNCTION = YES;
				GCC_WARN_UNUSED_VARIABLE = YES;
				IPHONEOS_DEPLOYMENT_TARGET = 11.3;
				MTL_ENABLE_DEBUG_INFO = NO;
				SDKROOT = iphoneos;
				SWIFT_COMPILATION_MODE = wholemodule;
				SWIFT_OPTIMIZATION_LEVEL = "-O";
				VALIDATE_PRODUCT = YES;
			};
			name = Release;
		};
		00FE559320CFB6780085345D /* Debug */ = {
			isa = XCBuildConfiguration;
			buildSettings = {
				ASSETCATALOG_COMPILER_APPICON_NAME = AppIcon;
				CODE_SIGN_STYLE = Automatic;
				DEVELOPMENT_TEAM = ND2NE475A9;
				INFOPLIST_FILE = ScaleSlider/Info.plist;
				LD_RUNPATH_SEARCH_PATHS = (
					"$(inherited)",
					"@executable_path/Frameworks",
				);
				PRODUCT_BUNDLE_IDENTIFIER = ccp.ScaleSlider;
				PRODUCT_NAME = "$(TARGET_NAME)";
				SWIFT_VERSION = 4.0;
				TARGETED_DEVICE_FAMILY = "1,2";
			};
			name = Debug;
		};
		00FE559420CFB6780085345D /* Release */ = {
			isa = XCBuildConfiguration;
			buildSettings = {
				ASSETCATALOG_COMPILER_APPICON_NAME = AppIcon;
				CODE_SIGN_STYLE = Automatic;
				DEVELOPMENT_TEAM = ND2NE475A9;
				INFOPLIST_FILE = ScaleSlider/Info.plist;
				LD_RUNPATH_SEARCH_PATHS = (
					"$(inherited)",
					"@executable_path/Frameworks",
				);
				PRODUCT_BUNDLE_IDENTIFIER = ccp.ScaleSlider;
				PRODUCT_NAME = "$(TARGET_NAME)";
				SWIFT_VERSION = 4.0;
				TARGETED_DEVICE_FAMILY = "1,2";
			};
			name = Release;
		};
/* End XCBuildConfiguration section */

/* Begin XCConfigurationList section */
		00FE557B20CFB6770085345D /* Build configuration list for PBXProject "ScaleSlider" */ = {
			isa = XCConfigurationList;
			buildConfigurations = (
				00FE559020CFB6780085345D /* Debug */,
				00FE559120CFB6780085345D /* Release */,
			);
			defaultConfigurationIsVisible = 0;
			defaultConfigurationName = Release;
		};
		00FE559220CFB6780085345D /* Build configuration list for PBXNativeTarget "ScaleSlider" */ = {
			isa = XCConfigurationList;
			buildConfigurations = (
				00FE559320CFB6780085345D /* Debug */,
				00FE559420CFB6780085345D /* Release */,
			);
			defaultConfigurationIsVisible = 0;
			defaultConfigurationName = Release;
		};
/* End XCConfigurationList section */
	};
	rootObject = 00FE557820CFB6770085345D /* Project object */;
}
